Microsoft Visual Studio Solution File, Format Version 12.00
# Visual Studio Version 17
VisualStudioVersion = 17.5.2.0
MinimumVisualStudioVersion = 10.0.40219.1
Project("{2150E333-8FDC-42A3-9474-1A3956D46DE8}") = "DuckDB.NET.Bindings", "DuckDB.NET.Bindings", "{2565BDDD-0BBD-A016-D7A8-AE1C1A40490B}"
EndProject
Project("{2150E333-8FDC-42A3-9474-1A3956D46DE8}") = "DuckDB.NET.Data", "DuckDB.NET.Data", "{DAB882C8-E937-DD14-E8AE-0C4B55C73185}"
EndProject
Project("{2150E333-8FDC-42A3-9474-1A3956D46DE8}") = "DuckDB.NET.Samples", "DuckDB.NET.Samples", "{8F21B0E4-8D67-CBDC-CD5D-3CA04C12BC5F}"
EndProject
Project("{2150E333-8FDC-42A3-9474-1A3956D46DE8}") = "DuckDB.NET.Test", "DuckDB.NET.Test", "{864A87BA-16ED-84C9-9AA4-5CF207928CA7}"
EndProject
Project("{FAE04EC0-301F-11D3-BF4B-00C04F79EFBC}") = "Bindings", "DuckDB.NET.Bindings\Bindings.csproj", "{B6EC05BE-D86C-D343-D0CC-573AF26DFFBD}"
EndProject
Project("{FAE04EC0-301F-11D3-BF4B-00C04F79EFBC}") = "Data", "DuckDB.NET.Data\Data.csproj", "{4F678324-2853-C656-2995-A90A01A6409F}"
EndProject
Project("{FAE04EC0-301F-11D3-BF4B-00C04F79EFBC}") = "Samples", "DuckDB.NET.Samples\Samples.csproj", "{2329EAAB-D31E-8152-DCF8-486250F4FA4C}"
EndProject
Project("{FAE04EC0-301F-11D3-BF4B-00C04F79EFBC}") = "Test", "DuckDB.NET.Test\Test.csproj", "{C7183333-5555-F140-A070-FF10540F9B77}"
EndProject
Project("{FAE04EC0-301F-11D3-BF4B-00C04F79EFBC}") = "Irion.DuckDB.NET.Test", "Irion.DuckDB.NET.Test\Irion.DuckDB.NET.Test.csproj", "{6D707558-05DF-4DA6-9203-F79BA634D4D2}"
EndProject
Project("{FAE04EC0-301F-11D3-BF4B-00C04F79EFBC}") = "Irion.DuckDB.NET.Benchmark", "Irion.DuckDB.NET.Benchmark\Irion.DuckDB.NET.Benchmark.csproj", "{7A7A7A7A-7777-7777-7777-777777777777}"
EndProject
Global
	GlobalSection(SolutionConfigurationPlatforms) = preSolution
		Debug|Any CPU = Debug|Any CPU
		Release|Any CPU = Release|Any CPU
	EndGlobalSection
	GlobalSection(ProjectConfigurationPlatforms) = postSolution
		{B6EC05BE-D86C-D343-D0CC-573AF26DFFBD}.Debug|Any CPU.ActiveCfg = Debug|Any CPU
		{B6EC05BE-D86C-D343-D0CC-573AF26DFFBD}.Debug|Any CPU.Build.0 = Debug|Any CPU
		{B6EC05BE-D86C-D343-D0CC-573AF26DFFBD}.Release|Any CPU.ActiveCfg = Release|Any CPU
		{B6EC05BE-D86C-D343-D0CC-573AF26DFFBD}.Release|Any CPU.Build.0 = Release|Any CPU
		{4F678324-2853-C656-2995-A90A01A6409F}.Debug|Any CPU.ActiveCfg = Debug|Any CPU
		{4F678324-2853-C656-2995-A90A01A6409F}.Debug|Any CPU.Build.0 = Debug|Any CPU
		{4F678324-2853-C656-2995-A90A01A6409F}.Release|Any CPU.ActiveCfg = Release|Any CPU
		{4F678324-2853-C656-2995-A90A01A6409F}.Release|Any CPU.Build.0 = Release|Any CPU
		{2329EAAB-D31E-8152-DCF8-486250F4FA4C}.Debug|Any CPU.ActiveCfg = Debug|Any CPU
		{2329EAAB-D31E-8152-DCF8-486250F4FA4C}.Debug|Any CPU.Build.0 = Debug|Any CPU
		{2329EAAB-D31E-8152-DCF8-486250F4FA4C}.Release|Any CPU.ActiveCfg = Release|Any CPU
		{2329EAAB-D31E-8152-DCF8-486250F4FA4C}.Release|Any CPU.Build.0 = Release|Any CPU
		{C7183333-5555-F140-A070-FF10540F9B77}.Debug|Any CPU.ActiveCfg = Debug|Any CPU
		{C7183333-5555-F140-A070-FF10540F9B77}.Debug|Any CPU.Build.0 = Debug|Any CPU
		{C7183333-5555-F140-A070-FF10540F9B77}.Release|Any CPU.ActiveCfg = Release|Any CPU
		{C7183333-5555-F140-A070-FF10540F9B77}.Release|Any CPU.Build.0 = Release|Any CPU
		{6D707558-05DF-4DA6-9203-F79BA634D4D2}.Debug|Any CPU.ActiveCfg = Debug|Any CPU
		{6D707558-05DF-4DA6-9203-F79BA634D4D2}.Debug|Any CPU.Build.0 = Debug|Any CPU
		{6D707558-05DF-4DA6-9203-F79BA634D4D2}.Release|Any CPU.ActiveCfg = Release|Any CPU
		{6D707558-05DF-4DA6-9203-F79BA634D4D2}.Release|Any CPU.Build.0 = Release|Any CPU
		{7A7A7A7A-7777-7777-7777-777777777777}.Debug|Any CPU.ActiveCfg = Debug|Any CPU
		{7A7A7A7A-7777-7777-7777-777777777777}.Debug|Any CPU.Build.0 = Debug|Any CPU
		{7A7A7A7A-7777-7777-7777-777777777777}.Release|Any CPU.ActiveCfg = Release|Any CPU
		{7A7A7A7A-7777-7777-7777-777777777777}.Release|Any CPU.Build.0 = Release|Any CPU
	EndGlobalSection
	GlobalSection(SolutionProperties) = preSolution
		HideSolutionNode = FALSE
	EndGlobalSection
	GlobalSection(NestedProjects) = preSolution
		{B6EC05BE-D86C-D343-D0CC-573AF26DFFBD} = {2565BDDD-0BBD-A016-D7A8-AE1C1A40490B}
		{4F678324-2853-C656-2995-A90A01A6409F} = {DAB882C8-E937-DD14-E8AE-0C4B55C73185}
		{2329EAAB-D31E-8152-DCF8-486250F4FA4C} = {8F21B0E4-8D67-CBDC-CD5D-3CA04C12BC5F}
		{C7183333-5555-F140-A070-FF10540F9B77} = {864A87BA-16ED-84C9-9AA4-5CF207928CA7}
		{6D707558-05DF-4DA6-9203-F79BA634D4D2} = {864A87BA-16ED-84C9-9AA4-5CF207928CA7}
	EndGlobalSection
	GlobalSection(ExtensibilityGlobals) = postSolution
		SolutionGuid = {630218BB-3222-44FA-B510-D54FB81D1465}
	EndGlobalSection
EndGlobal
